
Microsoft Visual Studio Solution File, Format Version 12.00
# Visual Studio Version 17
VisualStudioVersion = 17.7.34018.315
MinimumVisualStudioVersion = 10.0.40219.1
Project("{9A19103F-16F7-4668-BE54-9A1E7A4F7556}") = "Time Management app", "Time Management app\Time Management app.csproj", "{689ED62D-61F2-442B-9A53-D301359154DB}"
EndProject
Project("{FAE04EC0-301F-11D3-BF4B-00C04F79EFBC}") = "MyLibrary", "MyLibrary\MyLibrary.csproj", "{54D9AAF7-521E-4ED7-88D7-2079EFA634EE}"
EndProject
Global
	GlobalSection(SolutionConfigurationPlatforms) = preSolution
		Debug|Any CPU = Debug|Any CPU
		Release|Any CPU = Release|Any CPU
	EndGlobalSection
	GlobalSection(ProjectConfigurationPlatforms) = postSolution
		{689ED62D-61F2-442B-9A53-D301359154DB}.Debug|Any CPU.ActiveCfg = Debug|Any CPU
		{689ED62D-61F2-442B-9A53-D301359154DB}.Debug|Any CPU.Build.0 = Debug|Any CPU
		{689ED62D-61F2-442B-9A53-D301359154DB}.Release|Any CPU.ActiveCfg = Release|Any CPU
		{689ED62D-61F2-442B-9A53-D301359154DB}.Release|Any CPU.Build.0 = Release|Any CPU
		{54D9AAF7-521E-4ED7-88D7-2079EFA634EE}.Debug|Any CPU.ActiveCfg = Debug|Any CPU
		{54D9AAF7-521E-4ED7-88D7-2079EFA634EE}.Debug|Any CPU.Build.0 = Debug|Any CPU
		{54D9AAF7-521E-4ED7-88D7-2079EFA634EE}.Release|Any CPU.ActiveCfg = Release|Any CPU
		{54D9AAF7-521E-4ED7-88D7-2079EFA634EE}.Release|Any CPU.Build.0 = Release|Any CPU
	EndGlobalSection
	GlobalSection(SolutionProperties) = preSolution
		HideSolutionNode = FALSE
	EndGlobalSection
	GlobalSection(ExtensibilityGlobals) = postSolution
		SolutionGuid = {7467D169-6B6D-462F-8414-C8CE68ACBAD3}
	EndGlobalSection
EndGlobal
